
Microsoft Visual Studio Solution File, Format Version 12.00
# Visual Studio Version 17
VisualStudioVersion = 17.0.32002.185
MinimumVisualStudioVersion = 10.0.40219.1
Project("{9A19103F-16F7-4668-BE54-9A1E7A4F7556}") = "controlpanel", "controlpanel.csproj", "{7821CFDF-3008-4FFE-B26A-644270D3C451}"
EndProject
Global
	GlobalSection(SolutionConfigurationPlatforms) = preSolution
		Debug|Any CPU = Debug|Any CPU
		Release|Any CPU = Release|Any CPU
	EndGlobalSection
	GlobalSection(ProjectConfigurationPlatforms) = postSolution
		{7821CFDF-3008-4FFE-B26A-644270D3C451}.Debug|Any CPU.ActiveCfg = Debug|Any CPU
		{7821CFDF-3008-4FFE-B26A-644270D3C451}.Debug|Any CPU.Build.0 = Debug|Any CPU
		{7821CFDF-3008-4FFE-B26A-644270D3C451}.Release|Any CPU.ActiveCfg = Release|Any CPU
		{7821CFDF-3008-4FFE-B26A-644270D3C451}.Release|Any CPU.Build.0 = Release|Any CPU
	EndGlobalSection
	GlobalSection(SolutionProperties) = preSolution
		HideSolutionNode = FALSE
	EndGlobalSection
	GlobalSection(ExtensibilityGlobals) = postSolution
		SolutionGuid = {AD1FD1F6-262F-4862-BA0B-D27B2AA5148A}
	EndGlobalSection
EndGlobal
